
Microsoft Visual Studio Solution File, Format Version 12.00
# Visual Studio Version 16
VisualStudioVersion = 16.0.33027.164
MinimumVisualStudioVersion = 10.0.40219.1
Project("{FAE04EC0-301F-11D3-BF4B-00C04F79EFBC}") = "ServiceTicketRouter", "ServiceTicketRouter\ServiceTicketRouter.csproj", "{F7A971DA-2BBE-4D29-ACED-4ED543C41D56}"
EndProject
Global
	GlobalSection(SolutionConfigurationPlatforms) = preSolution
		Debug|Any CPU = Debug|Any CPU
		Release|Any CPU = Release|Any CPU
	EndGlobalSection
	GlobalSection(ProjectConfigurationPlatforms) = postSolution
		{F7A971DA-2BBE-4D29-ACED-4ED543C41D56}.Debug|Any CPU.ActiveCfg = Debug|Any CPU
		{F7A971DA-2BBE-4D29-ACED-4ED543C41D56}.Debug|Any CPU.Build.0 = Debug|Any CPU
		{F7A971DA-2BBE-4D29-ACED-4ED543C41D56}.Release|Any CPU.ActiveCfg = Release|Any CPU
		{F7A971DA-2BBE-4D29-ACED-4ED543C41D56}.Release|Any CPU.Build.0 = Release|Any CPU
	EndGlobalSection
	GlobalSection(SolutionProperties) = preSolution
		HideSolutionNode = FALSE
	EndGlobalSection
	GlobalSection(ExtensibilityGlobals) = postSolution
		SolutionGuid = {E736978C-AE90-41ED-BF10-1A21F9E87F1A}
	EndGlobalSection
EndGlobal
